{
    "_meta": {
        "hash": {
            "sha256": "f9b13bea4b77627f5bd76abd3e047bc152ea489f6f2ed2cf6e09f80962b732c2"
        },
        "pipfile-spec": 6,
        "requires": {
            "python_version": "3.10.12"
        },
        "sources": [
            {
                "name": "pypi",
                "url": "https://pypi.org/simple",
                "verify_ssl": true
            }
        ]
    },
    "default": {
        "certifi": {
            "hashes": [
                "sha256:9b469f3a900bf28dc19b8cfbf8019bf47f7fdd1a65a1d4ffb98fc14166beb4d1",
                "sha256:e036ab49d5b79556f99cfc2d9320b34cfbe5be05c5871b51de9329f0603b0474"
            ],
            "markers": "python_version >= '3.6'",
            "version": "==2023.11.17"
        },
        "charset-normalizer": {
            "hashes": [
                "sha256:5a3d016c7c547f69d6f81fb0db9449ce888b418b5b9952cc5e6e66843e9dd845",
                "sha256:83e9a75d1911279afd89352c68b45348559d1fc0506b054b346651b5e7fee29f"
            ],
            "markers": "python_full_version >= '3.6.0'",
            "version": "==2.1.1"
        },
        "distlib": {
            "hashes": [
                "sha256:034db59a0b96f8ca18035f36290806a9a6e6bd9d1ff91e45a7f172eb17e51784",
                "sha256:1530ea13e350031b6312d8580ddb6b27a104275a31106523b8f123787f494f64"
            ],
            "version": "==0.3.8"
        },
        "filelock": {
            "hashes": [
                "sha256:521f5f56c50f8426f5e03ad3b281b490a87ef15bc6c526f168290f0c7148d44e",
                "sha256:57dbda9b35157b05fb3e58ee91448612eb674172fab98ee235ccb0b5bee19a1c"
            ],
            "markers": "python_version >= '3.8'",
            "version": "==3.13.1"
        },
        "idna": {
            "hashes": [
                "sha256:9ecdbbd083b06798ae1e86adcbfe8ab1479cf864e4ee30fe4e46a003d12491ca",
                "sha256:c05567e9c24a6b9faaa835c4821bad0590fbb9d5779e7caa6e1cc4978e7eb24f"
            ],
            "markers": "python_version >= '3.5'",
            "version": "==3.6"
        },
        "install": {
            "hashes": [
                "sha256:0d3fadf4aa62c95efe8d34757c8507eb46177f86c016c21c6551eafc6a53d5a9",
                "sha256:e67c8a0be5ccf8cb4ffa17d090f3a61b6e820e6a7e21cd1d2c0f7bc59b18e647"
            ],
            "index": "pypi",
            "markers": "python_version >= '2.7'",
            "version": "==1.3.5"
        },
        "pipenv": {
            "hashes": [
                "sha256:6eb537da5a27671f71dc596ea96a5b341aae9a1695413beeb95364467409bb3d",
                "sha256:f587ffff47e8aa76f17803d571f64cf5a24b2bdfb9334435e6528b22ad5e304f"
            ],
            "index": "pypi",
            "markers": "python_version >= '3.8'",
            "version": "==2023.11.15"
        },
        "platformdirs": {
            "hashes": [
                "sha256:11c8f37bcca40db96d8144522d925583bdb7a31f7b0e37e3ed4318400a8e2380",
                "sha256:906d548203468492d432bcb294d4bc2fff751bf84971fbb2c10918cc206ee420"
            ],
            "markers": "python_version >= '3.8'",
            "version": "==4.1.0"
        },
        "requests": {
            "hashes": [
                "sha256:7c5599b102feddaa661c826c56ab4fee28bfd17f5abca1ebbe3e7f19d7c97983",
                "sha256:8fefa2a1a1365bf5520aac41836fbee479da67864514bdb821f31ce07ce65349"
            ],
            "index": "pypi",
            "markers": "python_version >= '3.7' and python_version < '4'",
            "version": "==2.28.1"
        },
        "setuptools": {
            "hashes": [
                "sha256:385eb4edd9c9d5c17540511303e39a147ce2fc04bc55289c322b9e5904fe2c05",
                "sha256:be1af57fc409f93647f2e8e4573a142ed38724b8cdd389706a867bb4efcf1e78"
            ],
            "markers": "python_version >= '3.8'",
            "version": "==69.0.3"
        },
        "urllib3": {
            "hashes": [
                "sha256:34b97092d7e0a3a8cf7cd10e386f401b3737364026c45e622aa02903dffe0f07",
                "sha256:f8ecc1bba5667413457c529ab955bf8c67b45db799d159066261719e328580a0"
            ],
            "markers": "python_version >= '2.7' and python_version not in '3.0, 3.1, 3.2, 3.3, 3.4, 3.5'",
            "version": "==1.26.18"
        },
        "virtualenv": {
            "hashes": [
                "sha256:4238949c5ffe6876362d9c0180fc6c3a824a7b12b80604eeb8085f2ed7460de3",
                "sha256:bf51c0d9c7dd63ea8e44086fa1e4fb1093a31e963b86959257378aef020e1f1b"
            ],
            "markers": "python_version >= '3.7'",
            "version": "==20.25.0"
        }
    },
    "develop": {}
}
